
Microsoft Visual Studio Solution File, Format Version 12.00
Project("{FAE04EC0-301F-11D3-BF4B-00C04F79EFBC}") = "SVGenerator", "SVGenerator\SVGenerator.csproj", "{64EBD274-C522-456D-BEAD-6D28911A5A6D}"
EndProject
Project("{FAE04EC0-301F-11D3-BF4B-00C04F79EFBC}") = "ASPOSE", "ASPOSE\ASPOSE.csproj", "{07918360-C9F1-4647-91A8-09DA80AB37AF}"
EndProject
Global
	GlobalSection(SolutionConfigurationPlatforms) = preSolution
		Debug|Any CPU = Debug|Any CPU
		Release|Any CPU = Release|Any CPU
	EndGlobalSection
	GlobalSection(ProjectConfigurationPlatforms) = postSolution
		{64EBD274-C522-456D-BEAD-6D28911A5A6D}.Debug|Any CPU.ActiveCfg = Debug|Any CPU
		{64EBD274-C522-456D-BEAD-6D28911A5A6D}.Debug|Any CPU.Build.0 = Debug|Any CPU
		{64EBD274-C522-456D-BEAD-6D28911A5A6D}.Release|Any CPU.ActiveCfg = Release|Any CPU
		{64EBD274-C522-456D-BEAD-6D28911A5A6D}.Release|Any CPU.Build.0 = Release|Any CPU
		{07918360-C9F1-4647-91A8-09DA80AB37AF}.Debug|Any CPU.ActiveCfg = Debug|Any CPU
		{07918360-C9F1-4647-91A8-09DA80AB37AF}.Debug|Any CPU.Build.0 = Debug|Any CPU
		{07918360-C9F1-4647-91A8-09DA80AB37AF}.Release|Any CPU.ActiveCfg = Release|Any CPU
		{07918360-C9F1-4647-91A8-09DA80AB37AF}.Release|Any CPU.Build.0 = Release|Any CPU
	EndGlobalSection
EndGlobal
